
Microsoft Visual Studio Solution File, Format Version 12.00
# Visual Studio Version 16
VisualStudioVersion = 16.0.33423.256
MinimumVisualStudioVersion = 10.0.40219.1
Project("{FAE04EC0-301F-11D3-BF4B-00C04F79EFBC}") = "HostelManagement", "HostelManagement.csproj", "{EC0E5CAC-2680-49B8-A094-7BABD30EC67C}"
EndProject
Global
	GlobalSection(SolutionConfigurationPlatforms) = preSolution
		Debug|Any CPU = Debug|Any CPU
		Release|Any CPU = Release|Any CPU
	EndGlobalSection
	GlobalSection(ProjectConfigurationPlatforms) = postSolution
		{EC0E5CAC-2680-49B8-A094-7BABD30EC67C}.Debug|Any CPU.ActiveCfg = Debug|Any CPU
		{EC0E5CAC-2680-49B8-A094-7BABD30EC67C}.Debug|Any CPU.Build.0 = Debug|Any CPU
		{EC0E5CAC-2680-49B8-A094-7BABD30EC67C}.Release|Any CPU.ActiveCfg = Release|Any CPU
		{EC0E5CAC-2680-49B8-A094-7BABD30EC67C}.Release|Any CPU.Build.0 = Release|Any CPU
	EndGlobalSection
	GlobalSection(SolutionProperties) = preSolution
		HideSolutionNode = FALSE
	EndGlobalSection
	GlobalSection(ExtensibilityGlobals) = postSolution
		SolutionGuid = {54469A22-3877-45B9-A465-04E2FE1D5DFE}
	EndGlobalSection
EndGlobal
